
Microsoft Visual Studio Solution File, Format Version 12.00
# Visual Studio Version 16
VisualStudioVersion = 16.0.29728.190
MinimumVisualStudioVersion = 10.0.40219.1
Project("{FAE04EC0-301F-11D3-BF4B-00C04F79EFBC}") = "lab_4_4", "lab_4_4.csproj", "{6B721F83-0E14-47D5-8E52-303067E9A4B4}"
EndProject
Global
	GlobalSection(SolutionConfigurationPlatforms) = preSolution
		Debug|Any CPU = Debug|Any CPU
		Release|Any CPU = Release|Any CPU
	EndGlobalSection
	GlobalSection(ProjectConfigurationPlatforms) = postSolution
		{6B721F83-0E14-47D5-8E52-303067E9A4B4}.Debug|Any CPU.ActiveCfg = Debug|Any CPU
		{6B721F83-0E14-47D5-8E52-303067E9A4B4}.Debug|Any CPU.Build.0 = Debug|Any CPU
		{6B721F83-0E14-47D5-8E52-303067E9A4B4}.Release|Any CPU.ActiveCfg = Release|Any CPU
		{6B721F83-0E14-47D5-8E52-303067E9A4B4}.Release|Any CPU.Build.0 = Release|Any CPU
	EndGlobalSection
	GlobalSection(SolutionProperties) = preSolution
		HideSolutionNode = FALSE
	EndGlobalSection
	GlobalSection(ExtensibilityGlobals) = postSolution
		SolutionGuid = {2546A6C5-A10B-46CA-8C9A-9B9781A56803}
	EndGlobalSection
EndGlobal
